
Microsoft Visual Studio Solution File, Format Version 12.00
# Visual Studio Version 17
VisualStudioVersion = 17.1.32319.34
MinimumVisualStudioVersion = 10.0.40219.1
Project("{8BC9CEB8-8B4A-11D0-8D11-00A0C91BC942}") = "QGA", "QGA\QGA.vcxproj", "{658A84DC-66AA-4668-B4A5-0162F6EE899E}"
EndProject
Project("{8BC9CEB8-8B4A-11D0-8D11-00A0C91BC942}") = "PQGA", "PQGA\PQGA.vcxproj", "{353D927E-EBBF-49DC-BDF9-B5046953FD15}"
EndProject
Project("{8BC9CEB8-8B4A-11D0-8D11-00A0C91BC942}") = "GCP_QGA", "GCP_QGA\GCP_QGA.vcxproj", "{022432A6-68B5-4744-9B4A-20F8F1F39E32}"
EndProject
Project("{8BC9CEB8-8B4A-11D0-8D11-00A0C91BC942}") = "PACK_QGA", "PACK_QGA\PACK_QGA.vcxproj", "{56E760D3-93FD-4D1F-BC6B-5899569439AB}"
EndProject
Project("{8BC9CEB8-8B4A-11D0-8D11-00A0C91BC942}") = "MUD_QGA", "MUD_QGA\MUD_QGA.vcxproj", "{570210A8-27F2-4C48-99E6-AA7FA11442E2}"
EndProject
Global
	GlobalSection(SolutionConfigurationPlatforms) = preSolution
		Debug|x64 = Debug|x64
		Debug|x86 = Debug|x86
		Release|x64 = Release|x64
		Release|x86 = Release|x86
	EndGlobalSection
	GlobalSection(ProjectConfigurationPlatforms) = postSolution
		{658A84DC-66AA-4668-B4A5-0162F6EE899E}.Debug|x64.ActiveCfg = Debug|x64
		{658A84DC-66AA-4668-B4A5-0162F6EE899E}.Debug|x64.Build.0 = Debug|x64
		{658A84DC-66AA-4668-B4A5-0162F6EE899E}.Debug|x86.ActiveCfg = Debug|Win32
		{658A84DC-66AA-4668-B4A5-0162F6EE899E}.Debug|x86.Build.0 = Debug|Win32
		{658A84DC-66AA-4668-B4A5-0162F6EE899E}.Release|x64.ActiveCfg = Release|x64
		{658A84DC-66AA-4668-B4A5-0162F6EE899E}.Release|x64.Build.0 = Release|x64
		{658A84DC-66AA-4668-B4A5-0162F6EE899E}.Release|x86.ActiveCfg = Release|Win32
		{658A84DC-66AA-4668-B4A5-0162F6EE899E}.Release|x86.Build.0 = Release|Win32
		{353D927E-EBBF-49DC-BDF9-B5046953FD15}.Debug|x64.ActiveCfg = Debug|x64
		{353D927E-EBBF-49DC-BDF9-B5046953FD15}.Debug|x64.Build.0 = Debug|x64
		{353D927E-EBBF-49DC-BDF9-B5046953FD15}.Debug|x86.ActiveCfg = Debug|Win32
		{353D927E-EBBF-49DC-BDF9-B5046953FD15}.Debug|x86.Build.0 = Debug|Win32
		{353D927E-EBBF-49DC-BDF9-B5046953FD15}.Release|x64.ActiveCfg = Release|x64
		{353D927E-EBBF-49DC-BDF9-B5046953FD15}.Release|x64.Build.0 = Release|x64
		{353D927E-EBBF-49DC-BDF9-B5046953FD15}.Release|x86.ActiveCfg = Release|Win32
		{353D927E-EBBF-49DC-BDF9-B5046953FD15}.Release|x86.Build.0 = Release|Win32
		{022432A6-68B5-4744-9B4A-20F8F1F39E32}.Debug|x64.ActiveCfg = Debug|x64
		{022432A6-68B5-4744-9B4A-20F8F1F39E32}.Debug|x64.Build.0 = Debug|x64
		{022432A6-68B5-4744-9B4A-20F8F1F39E32}.Debug|x86.ActiveCfg = Debug|Win32
		{022432A6-68B5-4744-9B4A-20F8F1F39E32}.Debug|x86.Build.0 = Debug|Win32
		{022432A6-68B5-4744-9B4A-20F8F1F39E32}.Release|x64.ActiveCfg = Release|x64
		{022432A6-68B5-4744-9B4A-20F8F1F39E32}.Release|x64.Build.0 = Release|x64
		{022432A6-68B5-4744-9B4A-20F8F1F39E32}.Release|x86.ActiveCfg = Release|Win32
		{022432A6-68B5-4744-9B4A-20F8F1F39E32}.Release|x86.Build.0 = Release|Win32
		{56E760D3-93FD-4D1F-BC6B-5899569439AB}.Debug|x64.ActiveCfg = Debug|x64
		{56E760D3-93FD-4D1F-BC6B-5899569439AB}.Debug|x64.Build.0 = Debug|x64
		{56E760D3-93FD-4D1F-BC6B-5899569439AB}.Debug|x86.ActiveCfg = Debug|Win32
		{56E760D3-93FD-4D1F-BC6B-5899569439AB}.Debug|x86.Build.0 = Debug|Win32
		{56E760D3-93FD-4D1F-BC6B-5899569439AB}.Release|x64.ActiveCfg = Release|x64
		{56E760D3-93FD-4D1F-BC6B-5899569439AB}.Release|x64.Build.0 = Release|x64
		{56E760D3-93FD-4D1F-BC6B-5899569439AB}.Release|x86.ActiveCfg = Release|Win32
		{56E760D3-93FD-4D1F-BC6B-5899569439AB}.Release|x86.Build.0 = Release|Win32
		{570210A8-27F2-4C48-99E6-AA7FA11442E2}.Debug|x64.ActiveCfg = Debug|x64
		{570210A8-27F2-4C48-99E6-AA7FA11442E2}.Debug|x64.Build.0 = Debug|x64
		{570210A8-27F2-4C48-99E6-AA7FA11442E2}.Debug|x86.ActiveCfg = Debug|Win32
		{570210A8-27F2-4C48-99E6-AA7FA11442E2}.Debug|x86.Build.0 = Debug|Win32
		{570210A8-27F2-4C48-99E6-AA7FA11442E2}.Release|x64.ActiveCfg = Release|x64
		{570210A8-27F2-4C48-99E6-AA7FA11442E2}.Release|x64.Build.0 = Release|x64
		{570210A8-27F2-4C48-99E6-AA7FA11442E2}.Release|x86.ActiveCfg = Release|Win32
		{570210A8-27F2-4C48-99E6-AA7FA11442E2}.Release|x86.Build.0 = Release|Win32
	EndGlobalSection
	GlobalSection(SolutionProperties) = preSolution
		HideSolutionNode = FALSE
	EndGlobalSection
	GlobalSection(ExtensibilityGlobals) = postSolution
		SolutionGuid = {B3A76C6C-6247-4240-B6D7-4714D3CF740E}
	EndGlobalSection
EndGlobal
